
Microsoft Visual Studio Solution File, Format Version 12.00
# Visual Studio Version 17
VisualStudioVersion = 17.9.34622.214
MinimumVisualStudioVersion = 10.0.40219.1
Project("{2150E333-8FDC-42A3-9474-1A3956D46DE8}") = "Services", "Services", "{7329E001-5845-49B5-9D78-6C8E5BFC6883}"
EndProject
Project("{E53339B2-1760-4266-BCC7-CA923CBCF16C}") = "docker-compose", "docker-compose.dcproj", "{35F15780-CCEC-4A53-A129-153587999657}"
EndProject
Project("{9A19103F-16F7-4668-BE54-9A1E7A4F7556}") = "Ordering.Api", "Services\Ordering.Api\Ordering.Api.csproj", "{AFC0756C-5F8D-4A82-8C48-038F5A2C2312}"
EndProject
Project("{9A19103F-16F7-4668-BE54-9A1E7A4F7556}") = "Communication.Api", "Services\Communication.Api\Communication.Api.csproj", "{2D510BD3-777E-4BED-A40A-A29CDE5336CC}"
EndProject
Project("{9A19103F-16F7-4668-BE54-9A1E7A4F7556}") = "Document.Api", "Services\Document.Api\Document.Api.csproj", "{2A25150C-2D7C-43D8-9746-E170B89DE152}"
EndProject
Project("{2150E333-8FDC-42A3-9474-1A3956D46DE8}") = "Authorization", "Authorization", "{EB331301-E0CB-44D4-B8C6-82BD95541967}"
EndProject
Project("{9A19103F-16F7-4668-BE54-9A1E7A4F7556}") = "Authorization.Api", "Services\Authorization.Api\Presentation\Authorization.Api.csproj", "{DB01EB57-78F5-4971-94AD-D922F71CD6F8}"
EndProject
Project("{9A19103F-16F7-4668-BE54-9A1E7A4F7556}") = "Authorization.Persistance", "Services\Authorization.Api\Persistance\Authorization.Persistance.csproj", "{EA71516C-0876-40FF-AC6B-66B204C8C392}"
EndProject
Project("{9A19103F-16F7-4668-BE54-9A1E7A4F7556}") = "Authorization.Application", "Services\Authorization.Api\Application\Authorization.Application.csproj", "{8C6CBEC4-3A5A-4F01-9B98-B5DCC31823A8}"
EndProject
Project("{9A19103F-16F7-4668-BE54-9A1E7A4F7556}") = "Authorization.Infrastructure", "Services\Authorization.Api\Infrastructure\Authorization.Infrastructure.csproj", "{F1AEBD0E-B8A1-40E4-B6E2-2789B59B6D82}"
EndProject
Project("{2150E333-8FDC-42A3-9474-1A3956D46DE8}") = "Catalog", "Catalog", "{E05997A0-C257-4F37-B06E-96F3AFB920A5}"
EndProject
Project("{9A19103F-16F7-4668-BE54-9A1E7A4F7556}") = "Catalog.Api", "Services\Catalog.Api\Presentation\Catalog.Api.csproj", "{E4E551D9-E937-488B-8E57-188D87151DFB}"
EndProject
Project("{9A19103F-16F7-4668-BE54-9A1E7A4F7556}") = "Catalog.Application", "Services\Catalog.Api\Application\Catalog.Application.csproj", "{65A2BE89-C2BF-4B0A-A49E-F9E9B9782197}"
EndProject
Project("{9A19103F-16F7-4668-BE54-9A1E7A4F7556}") = "Catalog.Persistance", "Services\Catalog.Api\Persistance\Catalog.Persistance.csproj", "{1EC7FF0F-9FD2-4229-973C-13ACCA752C45}"
EndProject
Project("{2150E333-8FDC-42A3-9474-1A3956D46DE8}") = "Basket", "Basket", "{4C960B30-C30E-4241-8959-50944F3212FE}"
EndProject
Project("{9A19103F-16F7-4668-BE54-9A1E7A4F7556}") = "Basket.Api", "Services\Basket.Api\Presentation\Basket.Api.csproj", "{57BCA6B0-D436-41E7-AD4D-EE850B49E45D}"
EndProject
Project("{FAE04EC0-301F-11D3-BF4B-00C04F79EFBC}") = "Basket.Application", "Services\Basket.Api\Application\Basket.Application.csproj", "{35F89F13-B2DF-4080-BFFA-C9CE2FF0A41A}"
EndProject
Project("{FAE04EC0-301F-11D3-BF4B-00C04F79EFBC}") = "Basket.Persistance", "Services\Basket.Api\Persistance\Basket.Persistance.csproj", "{D115CF00-5663-435C-8E35-77285C8A02E3}"
EndProject
Project("{2150E333-8FDC-42A3-9474-1A3956D46DE8}") = "Shared", "Shared", "{3911ED23-D589-495C-937B-5A0B9D7C0DF3}"
EndProject
Project("{FAE04EC0-301F-11D3-BF4B-00C04F79EFBC}") = "RentHarbor.MongoDb", "Services\Shared\RentHarbor.MongoDb\RentHarbor.MongoDb.csproj", "{152CA900-EA0E-4AF6-AEB1-1813DEFF402B}"
EndProject
Project("{FAE04EC0-301F-11D3-BF4B-00C04F79EFBC}") = "RentHarbor.AuthService", "Services\Shared\RentHarbor.AuthService\RentHarbor.AuthService.csproj", "{6610014C-DE3C-4A4B-BAC7-9B0EDE5AEB97}"
EndProject
Global
	GlobalSection(SolutionConfigurationPlatforms) = preSolution
		Debug|Any CPU = Debug|Any CPU
		Release|Any CPU = Release|Any CPU
	EndGlobalSection
	GlobalSection(ProjectConfigurationPlatforms) = postSolution
		{35F15780-CCEC-4A53-A129-153587999657}.Debug|Any CPU.ActiveCfg = Debug|Any CPU
		{35F15780-CCEC-4A53-A129-153587999657}.Debug|Any CPU.Build.0 = Debug|Any CPU
		{35F15780-CCEC-4A53-A129-153587999657}.Release|Any CPU.ActiveCfg = Release|Any CPU
		{35F15780-CCEC-4A53-A129-153587999657}.Release|Any CPU.Build.0 = Release|Any CPU
		{AFC0756C-5F8D-4A82-8C48-038F5A2C2312}.Debug|Any CPU.ActiveCfg = Debug|Any CPU
		{AFC0756C-5F8D-4A82-8C48-038F5A2C2312}.Debug|Any CPU.Build.0 = Debug|Any CPU
		{AFC0756C-5F8D-4A82-8C48-038F5A2C2312}.Release|Any CPU.ActiveCfg = Release|Any CPU
		{AFC0756C-5F8D-4A82-8C48-038F5A2C2312}.Release|Any CPU.Build.0 = Release|Any CPU
		{2D510BD3-777E-4BED-A40A-A29CDE5336CC}.Debug|Any CPU.ActiveCfg = Debug|Any CPU
		{2D510BD3-777E-4BED-A40A-A29CDE5336CC}.Debug|Any CPU.Build.0 = Debug|Any CPU
		{2D510BD3-777E-4BED-A40A-A29CDE5336CC}.Release|Any CPU.ActiveCfg = Release|Any CPU
		{2D510BD3-777E-4BED-A40A-A29CDE5336CC}.Release|Any CPU.Build.0 = Release|Any CPU
		{2A25150C-2D7C-43D8-9746-E170B89DE152}.Debug|Any CPU.ActiveCfg = Debug|Any CPU
		{2A25150C-2D7C-43D8-9746-E170B89DE152}.Debug|Any CPU.Build.0 = Debug|Any CPU
		{2A25150C-2D7C-43D8-9746-E170B89DE152}.Release|Any CPU.ActiveCfg = Release|Any CPU
		{2A25150C-2D7C-43D8-9746-E170B89DE152}.Release|Any CPU.Build.0 = Release|Any CPU
		{DB01EB57-78F5-4971-94AD-D922F71CD6F8}.Debug|Any CPU.ActiveCfg = Debug|Any CPU
		{DB01EB57-78F5-4971-94AD-D922F71CD6F8}.Debug|Any CPU.Build.0 = Debug|Any CPU
		{DB01EB57-78F5-4971-94AD-D922F71CD6F8}.Release|Any CPU.ActiveCfg = Release|Any CPU
		{DB01EB57-78F5-4971-94AD-D922F71CD6F8}.Release|Any CPU.Build.0 = Release|Any CPU
		{EA71516C-0876-40FF-AC6B-66B204C8C392}.Debug|Any CPU.ActiveCfg = Debug|Any CPU
		{EA71516C-0876-40FF-AC6B-66B204C8C392}.Debug|Any CPU.Build.0 = Debug|Any CPU
		{EA71516C-0876-40FF-AC6B-66B204C8C392}.Release|Any CPU.ActiveCfg = Release|Any CPU
		{EA71516C-0876-40FF-AC6B-66B204C8C392}.Release|Any CPU.Build.0 = Release|Any CPU
		{8C6CBEC4-3A5A-4F01-9B98-B5DCC31823A8}.Debug|Any CPU.ActiveCfg = Debug|Any CPU
		{8C6CBEC4-3A5A-4F01-9B98-B5DCC31823A8}.Debug|Any CPU.Build.0 = Debug|Any CPU
		{8C6CBEC4-3A5A-4F01-9B98-B5DCC31823A8}.Release|Any CPU.ActiveCfg = Release|Any CPU
		{8C6CBEC4-3A5A-4F01-9B98-B5DCC31823A8}.Release|Any CPU.Build.0 = Release|Any CPU
		{F1AEBD0E-B8A1-40E4-B6E2-2789B59B6D82}.Debug|Any CPU.ActiveCfg = Debug|Any CPU
		{F1AEBD0E-B8A1-40E4-B6E2-2789B59B6D82}.Debug|Any CPU.Build.0 = Debug|Any CPU
		{F1AEBD0E-B8A1-40E4-B6E2-2789B59B6D82}.Release|Any CPU.ActiveCfg = Release|Any CPU
		{F1AEBD0E-B8A1-40E4-B6E2-2789B59B6D82}.Release|Any CPU.Build.0 = Release|Any CPU
		{E4E551D9-E937-488B-8E57-188D87151DFB}.Debug|Any CPU.ActiveCfg = Debug|Any CPU
		{E4E551D9-E937-488B-8E57-188D87151DFB}.Debug|Any CPU.Build.0 = Debug|Any CPU
		{E4E551D9-E937-488B-8E57-188D87151DFB}.Release|Any CPU.ActiveCfg = Release|Any CPU
		{E4E551D9-E937-488B-8E57-188D87151DFB}.Release|Any CPU.Build.0 = Release|Any CPU
		{65A2BE89-C2BF-4B0A-A49E-F9E9B9782197}.Debug|Any CPU.ActiveCfg = Debug|Any CPU
		{65A2BE89-C2BF-4B0A-A49E-F9E9B9782197}.Debug|Any CPU.Build.0 = Debug|Any CPU
		{65A2BE89-C2BF-4B0A-A49E-F9E9B9782197}.Release|Any CPU.ActiveCfg = Release|Any CPU
		{65A2BE89-C2BF-4B0A-A49E-F9E9B9782197}.Release|Any CPU.Build.0 = Release|Any CPU
		{1EC7FF0F-9FD2-4229-973C-13ACCA752C45}.Debug|Any CPU.ActiveCfg = Debug|Any CPU
		{1EC7FF0F-9FD2-4229-973C-13ACCA752C45}.Debug|Any CPU.Build.0 = Debug|Any CPU
		{1EC7FF0F-9FD2-4229-973C-13ACCA752C45}.Release|Any CPU.ActiveCfg = Release|Any CPU
		{1EC7FF0F-9FD2-4229-973C-13ACCA752C45}.Release|Any CPU.Build.0 = Release|Any CPU
		{57BCA6B0-D436-41E7-AD4D-EE850B49E45D}.Debug|Any CPU.ActiveCfg = Debug|Any CPU
		{57BCA6B0-D436-41E7-AD4D-EE850B49E45D}.Debug|Any CPU.Build.0 = Debug|Any CPU
		{57BCA6B0-D436-41E7-AD4D-EE850B49E45D}.Release|Any CPU.ActiveCfg = Release|Any CPU
		{57BCA6B0-D436-41E7-AD4D-EE850B49E45D}.Release|Any CPU.Build.0 = Release|Any CPU
		{35F89F13-B2DF-4080-BFFA-C9CE2FF0A41A}.Debug|Any CPU.ActiveCfg = Debug|Any CPU
		{35F89F13-B2DF-4080-BFFA-C9CE2FF0A41A}.Debug|Any CPU.Build.0 = Debug|Any CPU
		{35F89F13-B2DF-4080-BFFA-C9CE2FF0A41A}.Release|Any CPU.ActiveCfg = Release|Any CPU
		{35F89F13-B2DF-4080-BFFA-C9CE2FF0A41A}.Release|Any CPU.Build.0 = Release|Any CPU
		{D115CF00-5663-435C-8E35-77285C8A02E3}.Debug|Any CPU.ActiveCfg = Debug|Any CPU
		{D115CF00-5663-435C-8E35-77285C8A02E3}.Debug|Any CPU.Build.0 = Debug|Any CPU
		{D115CF00-5663-435C-8E35-77285C8A02E3}.Release|Any CPU.ActiveCfg = Release|Any CPU
		{D115CF00-5663-435C-8E35-77285C8A02E3}.Release|Any CPU.Build.0 = Release|Any CPU
		{152CA900-EA0E-4AF6-AEB1-1813DEFF402B}.Debug|Any CPU.ActiveCfg = Debug|Any CPU
		{152CA900-EA0E-4AF6-AEB1-1813DEFF402B}.Debug|Any CPU.Build.0 = Debug|Any CPU
		{152CA900-EA0E-4AF6-AEB1-1813DEFF402B}.Release|Any CPU.ActiveCfg = Release|Any CPU
		{152CA900-EA0E-4AF6-AEB1-1813DEFF402B}.Release|Any CPU.Build.0 = Release|Any CPU
		{6610014C-DE3C-4A4B-BAC7-9B0EDE5AEB97}.Debug|Any CPU.ActiveCfg = Debug|Any CPU
		{6610014C-DE3C-4A4B-BAC7-9B0EDE5AEB97}.Debug|Any CPU.Build.0 = Debug|Any CPU
		{6610014C-DE3C-4A4B-BAC7-9B0EDE5AEB97}.Release|Any CPU.ActiveCfg = Release|Any CPU
		{6610014C-DE3C-4A4B-BAC7-9B0EDE5AEB97}.Release|Any CPU.Build.0 = Release|Any CPU
	EndGlobalSection
	GlobalSection(SolutionProperties) = preSolution
		HideSolutionNode = FALSE
	EndGlobalSection
	GlobalSection(NestedProjects) = preSolution
		{AFC0756C-5F8D-4A82-8C48-038F5A2C2312} = {7329E001-5845-49B5-9D78-6C8E5BFC6883}
		{2D510BD3-777E-4BED-A40A-A29CDE5336CC} = {7329E001-5845-49B5-9D78-6C8E5BFC6883}
		{2A25150C-2D7C-43D8-9746-E170B89DE152} = {7329E001-5845-49B5-9D78-6C8E5BFC6883}
		{EB331301-E0CB-44D4-B8C6-82BD95541967} = {7329E001-5845-49B5-9D78-6C8E5BFC6883}
		{DB01EB57-78F5-4971-94AD-D922F71CD6F8} = {EB331301-E0CB-44D4-B8C6-82BD95541967}
		{EA71516C-0876-40FF-AC6B-66B204C8C392} = {EB331301-E0CB-44D4-B8C6-82BD95541967}
		{8C6CBEC4-3A5A-4F01-9B98-B5DCC31823A8} = {EB331301-E0CB-44D4-B8C6-82BD95541967}
		{F1AEBD0E-B8A1-40E4-B6E2-2789B59B6D82} = {EB331301-E0CB-44D4-B8C6-82BD95541967}
		{E05997A0-C257-4F37-B06E-96F3AFB920A5} = {7329E001-5845-49B5-9D78-6C8E5BFC6883}
		{E4E551D9-E937-488B-8E57-188D87151DFB} = {E05997A0-C257-4F37-B06E-96F3AFB920A5}
		{65A2BE89-C2BF-4B0A-A49E-F9E9B9782197} = {E05997A0-C257-4F37-B06E-96F3AFB920A5}
		{1EC7FF0F-9FD2-4229-973C-13ACCA752C45} = {E05997A0-C257-4F37-B06E-96F3AFB920A5}
		{4C960B30-C30E-4241-8959-50944F3212FE} = {7329E001-5845-49B5-9D78-6C8E5BFC6883}
		{57BCA6B0-D436-41E7-AD4D-EE850B49E45D} = {4C960B30-C30E-4241-8959-50944F3212FE}
		{35F89F13-B2DF-4080-BFFA-C9CE2FF0A41A} = {4C960B30-C30E-4241-8959-50944F3212FE}
		{D115CF00-5663-435C-8E35-77285C8A02E3} = {4C960B30-C30E-4241-8959-50944F3212FE}
		{3911ED23-D589-495C-937B-5A0B9D7C0DF3} = {7329E001-5845-49B5-9D78-6C8E5BFC6883}
		{152CA900-EA0E-4AF6-AEB1-1813DEFF402B} = {3911ED23-D589-495C-937B-5A0B9D7C0DF3}
		{6610014C-DE3C-4A4B-BAC7-9B0EDE5AEB97} = {3911ED23-D589-495C-937B-5A0B9D7C0DF3}
	EndGlobalSection
	GlobalSection(ExtensibilityGlobals) = postSolution
		SolutionGuid = {5E39498D-E901-416F-9345-DD1F132D0333}
	EndGlobalSection
EndGlobal
